// !$*UTF8*$!
{
	archiveVersion = 1;
	classes = {
	};
	objectVersion = 46;
	objects = {

/* Begin PBXBuildFile section */
		945B84961AA601A9004992DA /* main.m in Sources */ = {isa = PBXBuildFile; fileRef = 945B84951AA601A9004992DA /* main.m */; };
		945B84991AA601A9004992DA /* AppDelegate.m in Sources */ = {isa = PBXBuildFile; fileRef = 945B84981AA601A9004992DA /* AppDelegate.m */; };
		945B849C1AA601A9004992DA /* ViewController.m in Sources */ = {isa = PBXBuildFile; fileRef = 945B849B1AA601A9004992DA /* ViewController.m */; };
		945B849F1AA601AA004992DA /* Main.storyboard in Resources */ = {isa = PBXBuildFile; fileRef = 945B849D1AA601AA004992DA /* Main.storyboard */; };
		945B84A11AA601AA004992DA /* Images.xcassets in Resources */ = {isa = PBXBuildFile; fileRef = 945B84A01AA601AA004992DA /* Images.xcassets */; };
		945B84A41AA601AA004992DA /* LaunchScreen.xib in Resources */ = {isa = PBXBuildFile; fileRef = 945B84A21AA601AA004992DA /* LaunchScreen.xib */; };
		945B84B01AA601AA004992DA /* ____Tests.m in Sources */ = {isa = PBXBuildFile; fileRef = 945B84AF1AA601AA004992DA /* ____Tests.m */; };
		945B84BB1AA601D4004992DA /* RHTouchLockView.m in Sources */ = {isa = PBXBuildFile; fileRef = 945B84BA1AA601D4004992DA /* RHTouchLockView.m */; };
/* End PBXBuildFile section */

/* Begin PBXContainerItemProxy section */
		945B84AA1AA601AA004992DA /* PBXContainerItemProxy */ = {
			isa = PBXContainerItemProxy;
			containerPortal = 945B84881AA601A9004992DA /* Project object */;
			proxyType = 1;
			remoteGlobalIDString = 945B848F1AA601A9004992DA;
			remoteInfo = "手势解锁";
		};
/* End PBXContainerItemProxy section */

/* Begin PBXFileReference section */
		945B84901AA601A9004992DA /* 手势解锁.app */ = {isa = PBXFileReference; explicitFileType = wrapper.application; includeInIndex = 0; path = "手势解锁.app"; sourceTree = BUILT_PRODUCTS_DIR; };
		945B84941AA601A9004992DA /* Info.plist */ = {isa = PBXFileReference; lastKnownFileType = text.plist.xml; path = Info.plist; sourceTree = "<group>"; };
		945B84951AA601A9004992DA /* main.m */ = {isa = PBXFileReference; lastKnownFileType = sourcecode.c.objc; path = main.m; sourceTree = "<group>"; };
		945B84971AA601A9004992DA /* AppDelegate.h */ = {isa = PBXFileReference; lastKnownFileType = sourcecode.c.h; path = AppDelegate.h; sourceTree = "<group>"; };
		945B84981AA601A9004992DA /* AppDelegate.m */ = {isa = PBXFileReference; lastKnownFileType = sourcecode.c.objc; path = AppDelegate.m; sourceTree = "<group>"; };
		945B849A1AA601A9004992DA /* ViewController.h */ = {isa = PBXFileReference; lastKnownFileType = sourcecode.c.h; path = ViewController.h; sourceTree = "<group>"; };
		945B849B1AA601A9004992DA /* ViewController.m */ = {isa = PBXFileReference; lastKnownFileType = sourcecode.c.objc; path = ViewController.m; sourceTree = "<group>"; };
		945B849E1AA601AA004992DA /* Base */ = {isa = PBXFileReference; lastKnownFileType = file.storyboard; name = Base; path = Base.lproj/Main.storyboard; sourceTree = "<group>"; };
		945B84A01AA601AA004992DA /* Images.xcassets */ = {isa = PBXFileReference; lastKnownFileType = folder.assetcatalog; path = Images.xcassets; sourceTree = "<group>"; };
		945B84A31AA601AA004992DA /* Base */ = {isa = PBXFileReference; lastKnownFileType = file.xib; name = Base; path = Base.lproj/LaunchScreen.xib; sourceTree = "<group>"; };
		945B84A91AA601AA004992DA /* 手势解锁Tests.xctest */ = {isa = PBXFileReference; explicitFileType = wrapper.cfbundle; includeInIndex = 0; path = "手势解锁Tests.xctest"; sourceTree = BUILT_PRODUCTS_DIR; };
		945B84AE1AA601AA004992DA /* Info.plist */ = {isa = PBXFileReference; lastKnownFileType = text.plist.xml; path = Info.plist; sourceTree = "<group>"; };
		945B84AF1AA601AA004992DA /* ____Tests.m */ = {isa = PBXFileReference; lastKnownFileType = sourcecode.c.objc; path = "____Tests.m"; sourceTree = "<group>"; };
		945B84B91AA601D4004992DA /* RHTouchLockView.h */ = {isa = PBXFileReference; fileEncoding = 4; lastKnownFileType = sourcecode.c.h; path = RHTouchLockView.h; sourceTree = "<group>"; };
		945B84BA1AA601D4004992DA /* RHTouchLockView.m */ = {isa = PBXFileReference; fileEncoding = 4; lastKnownFileType = sourcecode.c.objc; path = RHTouchLockView.m; sourceTree = "<group>"; };
/* End PBXFileReference section */

/* Begin PBXFrameworksBuildPhase section */
		945B848D1AA601A9004992DA /* Frameworks */ = {
			isa = PBXFrameworksBuildPhase;
			buildActionMask = 2147483647;
			files = (
			);
			runOnlyForDeploymentPostprocessing = 0;
		};
		945B84A61AA601AA004992DA /* Frameworks */ = {
			isa = PBXFrameworksBuildPhase;
			buildActionMask = 2147483647;
			files = (
			);
			runOnlyForDeploymentPostprocessing = 0;
		};
/* End PBXFrameworksBuildPhase section */

/* Begin PBXGroup section */
		945B84871AA601A9004992DA = {
			isa = PBXGroup;
			children = (
				945B84921AA601A9004992DA /* 手势解锁 */,
				945B84AC1AA601AA004992DA /* 手势解锁Tests */,
				945B84911AA601A9004992DA /* Products */,
			);
			sourceTree = "<group>";
		};
		945B84911AA601A9004992DA /* Products */ = {
			isa = PBXGroup;
			children = (
				945B84901AA601A9004992DA /* 手势解锁.app */,
				945B84A91AA601AA004992DA /* 手势解锁Tests.xctest */,
			);
			name = Products;
			sourceTree = "<group>";
		};
		945B84921AA601A9004992DA /* 手势解锁 */ = {
			isa = PBXGroup;
			children = (
				945B84B91AA601D4004992DA /* RHTouchLockView.h */,
				945B84BA1AA601D4004992DA /* RHTouchLockView.m */,
				945B84971AA601A9004992DA /* AppDelegate.h */,
				945B84981AA601A9004992DA /* AppDelegate.m */,
				945B849A1AA601A9004992DA /* ViewController.h */,
				945B849B1AA601A9004992DA /* ViewController.m */,
				945B849D1AA601AA004992DA /* Main.storyboard */,
				945B84A01AA601AA004992DA /* Images.xcassets */,
				945B84A21AA601AA004992DA /* LaunchScreen.xib */,
				945B84931AA601A9004992DA /* Supporting Files */,
			);
			path = "手势解锁";
			sourceTree = "<group>";
		};
		945B84931AA601A9004992DA /* Supporting Files */ = {
			isa = PBXGroup;
			children = (
				945B84941AA601A9004992DA /* Info.plist */,
				945B84951AA601A9004992DA /* main.m */,
			);
			name = "Supporting Files";
			sourceTree = "<group>";
		};
		945B84AC1AA601AA004992DA /* 手势解锁Tests */ = {
			isa = PBXGroup;
			children = (
				945B84AF1AA601AA004992DA /* ____Tests.m */,
				945B84AD1AA601AA004992DA /* Supporting Files */,
			);
			path = "手势解锁Tests";
			sourceTree = "<group>";
		};
		945B84AD1AA601AA004992DA /* Supporting Files */ = {
			isa = PBXGroup;
			children = (
				945B84AE1AA601AA004992DA /* Info.plist */,
			);
			name = "Supporting Files";
			sourceTree = "<group>";
		};
/* End PBXGroup section */

/* Begin PBXNativeTarget section */
		945B848F1AA601A9004992DA /* 手势解锁 */ = {
			isa = PBXNativeTarget;
			buildConfigurationList = 945B84B31AA601AA004992DA /* Build configuration list for PBXNativeTarget "手势解锁" */;
			buildPhases = (
				945B848C1AA601A9004992DA /* Sources */,
				945B848D1AA601A9004992DA /* Frameworks */,
				945B848E1AA601A9004992DA /* Resources */,
			);
			buildRules = (
			);
			dependencies = (
			);
			name = "手势解锁";
			productName = "手势解锁";
			productReference = 945B84901AA601A9004992DA /* 手势解锁.app */;
			productType = "com.apple.product-type.application";
		};
		945B84A81AA601AA004992DA /* 手势解锁Tests */ = {
			isa = PBXNativeTarget;
			buildConfigurationList = 945B84B61AA601AA004992DA /* Build configuration list for PBXNativeTarget "手势解锁Tests" */;
			buildPhases = (
				945B84A51AA601AA004992DA /* Sources */,
				945B84A61AA601AA004992DA /* Frameworks */,
				945B84A71AA601AA004992DA /* Resources */,
			);
			buildRules = (
			);
			dependencies = (
				945B84AB1AA601AA004992DA /* PBXTargetDependency */,
			);
			name = "手势解锁Tests";
			productName = "手势解锁Tests";
			productReference = 945B84A91AA601AA004992DA /* 手势解锁Tests.xctest */;
			productType = "com.apple.product-type.bundle.unit-test";
		};
/* End PBXNativeTarget section */

/* Begin PBXProject section */
		945B84881AA601A9004992DA /* Project object */ = {
			isa = PBXProject;
			attributes = {
				LastUpgradeCheck = 0610;
				ORGANIZATIONNAME = "代江波";
				TargetAttributes = {
					945B848F1AA601A9004992DA = {
						CreatedOnToolsVersion = 6.1.1;
						DevelopmentTeam = 6HE462P7XK;
					};
					945B84A81AA601AA004992DA = {
						CreatedOnToolsVersion = 6.1.1;
						TestTargetID = 945B848F1AA601A9004992DA;
					};
				};
			};
			buildConfigurationList = 945B848B1AA601A9004992DA /* Build configuration list for PBXProject "手势解锁" */;
			compatibilityVersion = "Xcode 3.2";
			developmentRegion = English;
			hasScannedForEncodings = 0;
			knownRegions = (
				en,
				Base,
			);
			mainGroup = 945B84871AA601A9004992DA;
			productRefGroup = 945B84911AA601A9004992DA /* Products */;
			projectDirPath = "";
			projectRoot = "";
			targets = (
				945B848F1AA601A9004992DA /* 手势解锁 */,
				945B84A81AA601AA004992DA /* 手势解锁Tests */,
			);
		};
/* End PBXProject section */

/* Begin PBXResourcesBuildPhase section */
		945B848E1AA601A9004992DA /* Resources */ = {
			isa = PBXResourcesBuildPhase;
			buildActionMask = 2147483647;
			files = (
				945B849F1AA601AA004992DA /* Main.storyboard in Resources */,
				945B84A41AA601AA004992DA /* LaunchScreen.xib in Resources */,
				945B84A11AA601AA004992DA /* Images.xcassets in Resources */,
			);
			runOnlyForDeploymentPostprocessing = 0;
		};
		945B84A71AA601AA004992DA /* Resources */ = {
			isa = PBXResourcesBuildPhase;
			buildActionMask = 2147483647;
			files = (
			);
			runOnlyForDeploymentPostprocessing = 0;
		};
/* End PBXResourcesBuildPhase section */

/* Begin PBXSourcesBuildPhase section */
		945B848C1AA601A9004992DA /* Sources */ = {
			isa = PBXSourcesBuildPhase;
			buildActionMask = 2147483647;
			files = (
				945B849C1AA601A9004992DA /* ViewController.m in Sources */,
				945B84BB1AA601D4004992DA /* RHTouchLockView.m in Sources */,
				945B84991AA601A9004992DA /* AppDelegate.m in Sources */,
				945B84961AA601A9004992DA /* main.m in Sources */,
			);
			runOnlyForDeploymentPostprocessing = 0;
		};
		945B84A51AA601AA004992DA /* Sources */ = {
			isa = PBXSourcesBuildPhase;
			buildActionMask = 2147483647;
			files = (
				945B84B01AA601AA004992DA /* ____Tests.m in Sources */,
			);
			runOnlyForDeploymentPostprocessing = 0;
		};
/* End PBXSourcesBuildPhase section */

/* Begin PBXTargetDependency section */
		945B84AB1AA601AA004992DA /* PBXTargetDependency */ = {
			isa = PBXTargetDependency;
			target = 945B848F1AA601A9004992DA /* 手势解锁 */;
			targetProxy = 945B84AA1AA601AA004992DA /* PBXContainerItemProxy */;
		};
/* End PBXTargetDependency section */

/* Begin PBXVariantGroup section */
		945B849D1AA601AA004992DA /* Main.storyboard */ = {
			isa = PBXVariantGroup;
			children = (
				945B849E1AA601AA004992DA /* Base */,
			);
			name = Main.storyboard;
			sourceTree = "<group>";
		};
		945B84A21AA601AA004992DA /* LaunchScreen.xib */ = {
			isa = PBXVariantGroup;
			children = (
				945B84A31AA601AA004992DA /* Base */,
			);
			name = LaunchScreen.xib;
			sourceTree = "<group>";
		};
/* End PBXVariantGroup section */

/* Begin XCBuildConfiguration section */
		945B84B11AA601AA004992DA /* Debug */ = {
			isa = XCBuildConfiguration;
			buildSettings = {
				ALWAYS_SEARCH_USER_PATHS = NO;
				CLANG_CXX_LANGUAGE_STANDARD = "gnu++0x";
				CLANG_CXX_LIBRARY = "libc++";
				CLANG_ENABLE_MODULES = YES;
				CLANG_ENABLE_OBJC_ARC = YES;
				CLANG_WARN_BOOL_CONVERSION = YES;
				CLANG_WARN_CONSTANT_CONVERSION = YES;
				CLANG_WARN_DIRECT_OBJC_ISA_USAGE = YES_ERROR;
				CLANG_WARN_EMPTY_BODY = YES;
				CLANG_WARN_ENUM_CONVERSION = YES;
				CLANG_WARN_INT_CONVERSION = YES;
				CLANG_WARN_OBJC_ROOT_CLASS = YES_ERROR;
				CLANG_WARN_UNREACHABLE_CODE = YES;
				CLANG_WARN__DUPLICATE_METHOD_MATCH = YES;
				"CODE_SIGN_IDENTITY[sdk=iphoneos*]" = "iPhone Developer";
				COPY_PHASE_STRIP = NO;
				ENABLE_STRICT_OBJC_MSGSEND = YES;
				GCC_C_LANGUAGE_STANDARD = gnu99;
				GCC_DYNAMIC_NO_PIC = NO;
				GCC_OPTIMIZATION_LEVEL = 0;
				GCC_PREPROCESSOR_DEFINITIONS = (
					"DEBUG=1",
					"$(inherited)",
				);
				GCC_SYMBOLS_PRIVATE_EXTERN = NO;
				GCC_WARN_64_TO_32_BIT_CONVERSION = YES;
				GCC_WARN_ABOUT_RETURN_TYPE = YES_ERROR;
				GCC_WARN_UNDECLARED_SELECTOR = YES;
				GCC_WARN_UNINITIALIZED_AUTOS = YES_AGGRESSIVE;
				GCC_WARN_UNUSED_FUNCTION = YES;
				GCC_WARN_UNUSED_VARIABLE = YES;
				IPHONEOS_DEPLOYMENT_TARGET = 8.1;
				MTL_ENABLE_DEBUG_INFO = YES;
				ONLY_ACTIVE_ARCH = YES;
				SDKROOT = iphoneos;
				TARGETED_DEVICE_FAMILY = "1,2";
			};
			name = Debug;
		};
		945B84B21AA601AA004992DA /* Release */ = {
			isa = XCBuildConfiguration;
			buildSettings = {
				ALWAYS_SEARCH_USER_PATHS = NO;
				CLANG_CXX_LANGUAGE_STANDARD = "gnu++0x";
				CLANG_CXX_LIBRARY = "libc++";
				CLANG_ENABLE_MODULES = YES;
				CLANG_ENABLE_OBJC_ARC = YES;
				CLANG_WARN_BOOL_CONVERSION = YES;
				CLANG_WARN_CONSTANT_CONVERSION = YES;
				CLANG_WARN_DIRECT_OBJC_ISA_USAGE = YES_ERROR;
				CLANG_WARN_EMPTY_BODY = YES;
				CLANG_WARN_ENUM_CONVERSION = YES;
				CLANG_WARN_INT_CONVERSION = YES;
				CLANG_WARN_OBJC_ROOT_CLASS = YES_ERROR;
				CLANG_WARN_UNREACHABLE_CODE = YES;
				CLANG_WARN__DUPLICATE_METHOD_MATCH = YES;
				"CODE_SIGN_IDENTITY[sdk=iphoneos*]" = "iPhone Developer";
				COPY_PHASE_STRIP = YES;
				ENABLE_NS_ASSERTIONS = NO;
				ENABLE_STRICT_OBJC_MSGSEND = YES;
				GCC_C_LANGUAGE_STANDARD = gnu99;
				GCC_WARN_64_TO_32_BIT_CONVERSION = YES;
				GCC_WARN_ABOUT_RETURN_TYPE = YES_ERROR;
				GCC_WARN_UNDECLARED_SELECTOR = YES;
				GCC_WARN_UNINITIALIZED_AUTOS = YES_AGGRESSIVE;
				GCC_WARN_UNUSED_FUNCTION = YES;
				GCC_WARN_UNUSED_VARIABLE = YES;
				IPHONEOS_DEPLOYMENT_TARGET = 8.1;
				MTL_ENABLE_DEBUG_INFO = NO;
				SDKROOT = iphoneos;
				TARGETED_DEVICE_FAMILY = "1,2";
				VALIDATE_PRODUCT = YES;
			};
			name = Release;
		};
		945B84B41AA601AA004992DA /* Debug */ = {
			isa = XCBuildConfiguration;
			buildSettings = {
				ASSETCATALOG_COMPILER_APPICON_NAME = AppIcon;
				DEVELOPMENT_TEAM = 6HE462P7XK;
				INFOPLIST_FILE = "手势解锁/Info.plist";
				LD_RUNPATH_SEARCH_PATHS = "$(inherited) @executable_path/Frameworks";
				PRODUCT_NAME = "$(TARGET_NAME)";
			};
			name = Debug;
		};
		945B84B51AA601AA004992DA /* Release */ = {
			isa = XCBuildConfiguration;
			buildSettings = {
				ASSETCATALOG_COMPILER_APPICON_NAME = AppIcon;
				DEVELOPMENT_TEAM = 6HE462P7XK;
				INFOPLIST_FILE = "手势解锁/Info.plist";
				LD_RUNPATH_SEARCH_PATHS = "$(inherited) @executable_path/Frameworks";
				PRODUCT_NAME = "$(TARGET_NAME)";
			};
			name = Release;
		};
		945B84B71AA601AA004992DA /* Debug */ = {
			isa = XCBuildConfiguration;
			buildSettings = {
				BUNDLE_LOADER = "$(TEST_HOST)";
				FRAMEWORK_SEARCH_PATHS = (
					"$(SDKROOT)/Developer/Library/Frameworks",
					"$(inherited)",
				);
				GCC_PREPROCESSOR_DEFINITIONS = (
					"DEBUG=1",
					"$(inherited)",
				);
				INFOPLIST_FILE = "手势解锁Tests/Info.plist";
				LD_RUNPATH_SEARCH_PATHS = "$(inherited) @executable_path/Frameworks @loader_path/Frameworks";
				PRODUCT_NAME = "$(TARGET_NAME)";
				TEST_HOST = "$(BUILT_PRODUCTS_DIR)/手势解锁.app/手势解锁";
			};
			name = Debug;
		};
		945B84B81AA601AA004992DA /* Release */ = {
			isa = XCBuildConfiguration;
			buildSettings = {
				BUNDLE_LOADER = "$(TEST_HOST)";
				FRAMEWORK_SEARCH_PATHS = (
					"$(SDKROOT)/Developer/Library/Frameworks",
					"$(inherited)",
				);
				INFOPLIST_FILE = "手势解锁Tests/Info.plist";
				LD_RUNPATH_SEARCH_PATHS = "$(inherited) @executable_path/Frameworks @loader_path/Frameworks";
				PRODUCT_NAME = "$(TARGET_NAME)";
				TEST_HOST = "$(BUILT_PRODUCTS_DIR)/手势解锁.app/手势解锁";
			};
			name = Release;
		};
/* End XCBuildConfiguration section */

/* Begin XCConfigurationList section */
		945B848B1AA601A9004992DA /* Build configuration list for PBXProject "手势解锁" */ = {
			isa = XCConfigurationList;
			buildConfigurations = (
				945B84B11AA601AA004992DA /* Debug */,
				945B84B21AA601AA004992DA /* Release */,
			);
			defaultConfigurationIsVisible = 0;
			defaultConfigurationName = Release;
		};
		945B84B31AA601AA004992DA /* Build configuration list for PBXNativeTarget "手势解锁" */ = {
			isa = XCConfigurationList;
			buildConfigurations = (
				945B84B41AA601AA004992DA /* Debug */,
				945B84B51AA601AA004992DA /* Release */,
			);
			defaultConfigurationIsVisible = 0;
			defaultConfigurationName = Release;
		};
		945B84B61AA601AA004992DA /* Build configuration list for PBXNativeTarget "手势解锁Tests" */ = {
			isa = XCConfigurationList;
			buildConfigurations = (
				945B84B71AA601AA004992DA /* Debug */,
				945B84B81AA601AA004992DA /* Release */,
			);
			defaultConfigurationIsVisible = 0;
			defaultConfigurationName = Release;
		};
/* End XCConfigurationList section */
	};
	rootObject = 945B84881AA601A9004992DA /* Project object */;
}
